// !$*UTF8*$!
{
	archiveVersion = 1;
	classes = {
	};
	objectVersion = 46;
	objects = {

/* Begin PBXBuildFile section */
		050BD2991B1F6751008BABC0 /* AddCollectionViewCell.swift in Sources */ = {isa = PBXBuildFile; fileRef = 050BD2981B1F6751008BABC0 /* AddCollectionViewCell.swift */; };
		050BD29B1B1F6778008BABC0 /* AddCollectionViewCellContentView.swift in Sources */ = {isa = PBXBuildFile; fileRef = 050BD29A1B1F6778008BABC0 /* AddCollectionViewCellContentView.swift */; };
		050BD29D1B1F67AC008BABC0 /* AddCollectionViewCellContentView.xib in Resources */ = {isa = PBXBuildFile; fileRef = 050BD29C1B1F67AC008BABC0 /* AddCollectionViewCellContentView.xib */; };
		050C98B11B0BC577004A05CA /* LogInViewController.swift in Sources */ = {isa = PBXBuildFile; fileRef = 050C98AD1B0BC577004A05CA /* LogInViewController.swift */; };
		050C98B21B0BC577004A05CA /* MessageViewController.swift in Sources */ = {isa = PBXBuildFile; fileRef = 050C98AE1B0BC577004A05CA /* MessageViewController.swift */; };
		05101C801B09774D0089E37C /* Helpers.swift in Sources */ = {isa = PBXBuildFile; fileRef = 05101C7F1B09774D0089E37C /* Helpers.swift */; };
		051632F71B10E255008605CA /* User.swift in Sources */ = {isa = PBXBuildFile; fileRef = 051632F61B10E255008605CA /* User.swift */; };
		051632F91B11555B008605CA /* Contact.swift in Sources */ = {isa = PBXBuildFile; fileRef = 051632F81B11555B008605CA /* Contact.swift */; };
		051765561B29BCD400F632AA /* MessageCollectionViewCellContentView.swift in Sources */ = {isa = PBXBuildFile; fileRef = 051765551B29BCD400F632AA /* MessageCollectionViewCellContentView.swift */; };
		051765581B29BCEC00F632AA /* MessageCollectionViewCellContentView.xib in Resources */ = {isa = PBXBuildFile; fileRef = 051765571B29BCEC00F632AA /* MessageCollectionViewCellContentView.xib */; };
		0517655A1B29C3DA00F632AA /* MessageCollectionViewCellContentViewTextView.swift in Sources */ = {isa = PBXBuildFile; fileRef = 051765591B29C3DA00F632AA /* MessageCollectionViewCellContentViewTextView.swift */; };
		0517655D1B2A04EE00F632AA /* ColorConstants.swift in Sources */ = {isa = PBXBuildFile; fileRef = 0517655C1B2A04EE00F632AA /* ColorConstants.swift */; };
		0517656A1B2A35D500F632AA /* CRToast.m in Sources */ = {isa = PBXBuildFile; fileRef = 051765601B2A35D500F632AA /* CRToast.m */; };
		0517656B1B2A35D500F632AA /* CRToastManager.m in Sources */ = {isa = PBXBuildFile; fileRef = 051765631B2A35D500F632AA /* CRToastManager.m */; };
		0517656C1B2A35D500F632AA /* CRToastView.m in Sources */ = {isa = PBXBuildFile; fileRef = 051765651B2A35D500F632AA /* CRToastView.m */; };
		0517656D1B2A35D500F632AA /* CRToastViewController.m in Sources */ = {isa = PBXBuildFile; fileRef = 051765671B2A35D500F632AA /* CRToastViewController.m */; };
		0517656E1B2A35D500F632AA /* CRToastWindow.m in Sources */ = {isa = PBXBuildFile; fileRef = 051765691B2A35D500F632AA /* CRToastWindow.m */; };
		051C1F791B1CB872003560E4 /* MessageToolbarContentView.swift in Sources */ = {isa = PBXBuildFile; fileRef = 051C1F781B1CB872003560E4 /* MessageToolbarContentView.swift */; };
		051C1F7B1B1CB899003560E4 /* MessageToolbarContentView.xib in Resources */ = {isa = PBXBuildFile; fileRef = 051C1F7A1B1CB899003560E4 /* MessageToolbarContentView.xib */; };
		0536BFA91B1A282400161877 /* Bolts.framework in Frameworks */ = {isa = PBXBuildFile; fileRef = 0536BFA71B1A282400161877 /* Bolts.framework */; };
		0536BFAA1B1A282400161877 /* Parse.framework in Frameworks */ = {isa = PBXBuildFile; fileRef = 0536BFA81B1A282400161877 /* Parse.framework */; };
		0536BFB21B1A38B700161877 /* MessageToolbar.swift in Sources */ = {isa = PBXBuildFile; fileRef = 0536BFB11B1A38B700161877 /* MessageToolbar.swift */; };
		0536BFB71B1A77E700161877 /* MessageTextView.swift in Sources */ = {isa = PBXBuildFile; fileRef = 0536BFB61B1A77E700161877 /* MessageTextView.swift */; };
		053883C31B223A2E00690AB5 /* MessageCollectionViewCell.swift in Sources */ = {isa = PBXBuildFile; fileRef = 053883C21B223A2E00690AB5 /* MessageCollectionViewCell.swift */; };
		053F42B21AFE92FE00A2CA53 /* AppDelegate.swift in Sources */ = {isa = PBXBuildFile; fileRef = 053F42B11AFE92FE00A2CA53 /* AppDelegate.swift */; };
		053F42B71AFE92FE00A2CA53 /* Main.storyboard in Resources */ = {isa = PBXBuildFile; fileRef = 053F42B51AFE92FE00A2CA53 /* Main.storyboard */; };
		053F42B91AFE92FE00A2CA53 /* Images.xcassets in Resources */ = {isa = PBXBuildFile; fileRef = 053F42B81AFE92FE00A2CA53 /* Images.xcassets */; };
		053F42BC1AFE92FE00A2CA53 /* LaunchScreen.xib in Resources */ = {isa = PBXBuildFile; fileRef = 053F42BA1AFE92FE00A2CA53 /* LaunchScreen.xib */; };
		053F42C81AFE92FE00A2CA53 /* InvisibleTests.swift in Sources */ = {isa = PBXBuildFile; fileRef = 053F42C71AFE92FE00A2CA53 /* InvisibleTests.swift */; };
		053F42D61AFE940F00A2CA53 /* AudioToolbox.framework in Frameworks */ = {isa = PBXBuildFile; fileRef = 053F42D51AFE940F00A2CA53 /* AudioToolbox.framework */; };
		053F42D81AFE941800A2CA53 /* CFNetwork.framework in Frameworks */ = {isa = PBXBuildFile; fileRef = 053F42D71AFE941800A2CA53 /* CFNetwork.framework */; };
		053F42DA1AFE942200A2CA53 /* CoreGraphics.framework in Frameworks */ = {isa = PBXBuildFile; fileRef = 053F42D91AFE942200A2CA53 /* CoreGraphics.framework */; };
		053F42DC1AFE942D00A2CA53 /* CoreLocation.framework in Frameworks */ = {isa = PBXBuildFile; fileRef = 053F42DB1AFE942D00A2CA53 /* CoreLocation.framework */; };
		053F42DE1AFE943900A2CA53 /* MobileCoreServices.framework in Frameworks */ = {isa = PBXBuildFile; fileRef = 053F42DD1AFE943900A2CA53 /* MobileCoreServices.framework */; };
		053F42E01AFE944500A2CA53 /* QuartzCore.framework in Frameworks */ = {isa = PBXBuildFile; fileRef = 053F42DF1AFE944500A2CA53 /* QuartzCore.framework */; };
		053F42E21AFE946400A2CA53 /* Security.framework in Frameworks */ = {isa = PBXBuildFile; fileRef = 053F42E11AFE946400A2CA53 /* Security.framework */; };
		053F42E41AFE947100A2CA53 /* StoreKit.framework in Frameworks */ = {isa = PBXBuildFile; fileRef = 053F42E31AFE947100A2CA53 /* StoreKit.framework */; };
		053F42E61AFE947E00A2CA53 /* SystemConfiguration.framework in Frameworks */ = {isa = PBXBuildFile; fileRef = 053F42E51AFE947E00A2CA53 /* SystemConfiguration.framework */; };
		053F42E81AFE949000A2CA53 /* libz.dylib in Frameworks */ = {isa = PBXBuildFile; fileRef = 053F42E71AFE949000A2CA53 /* libz.dylib */; };
		053F42EA1AFE949C00A2CA53 /* libsqlite3.dylib in Frameworks */ = {isa = PBXBuildFile; fileRef = 053F42E91AFE949C00A2CA53 /* libsqlite3.dylib */; };
		053F42ED1AFEA41C00A2CA53 /* Constants.swift in Sources */ = {isa = PBXBuildFile; fileRef = 053F42EC1AFEA41C00A2CA53 /* Constants.swift */; };
		05E377281B23317D007A0B83 /* KRLCollectionViewGridLayout.m in Sources */ = {isa = PBXBuildFile; fileRef = 05E377271B23317D007A0B83 /* KRLCollectionViewGridLayout.m */; };
		05E3772A1B2362C3007A0B83 /* ringring.wav in Resources */ = {isa = PBXBuildFile; fileRef = 05E377291B2362C3007A0B83 /* ringring.wav */; };
		05F322DF1B1DF9A000BED665 /* ContactCollectionView.swift in Sources */ = {isa = PBXBuildFile; fileRef = 05F322DE1B1DF9A000BED665 /* ContactCollectionView.swift */; };
		05F322E11B1DFDD500BED665 /* ContactCollectionViewCell.swift in Sources */ = {isa = PBXBuildFile; fileRef = 05F322E01B1DFDD500BED665 /* ContactCollectionViewCell.swift */; };
		05F322F21B1E442800BED665 /* ContactCollectionViewCellContentView.swift in Sources */ = {isa = PBXBuildFile; fileRef = 05F322F01B1E442800BED665 /* ContactCollectionViewCellContentView.swift */; };
		05F322F31B1E442800BED665 /* ContactCollectionViewCellContentView.xib in Resources */ = {isa = PBXBuildFile; fileRef = 05F322F11B1E442800BED665 /* ContactCollectionViewCellContentView.xib */; };
/* End PBXBuildFile section */

/* Begin PBXContainerItemProxy section */
		053F42C21AFE92FE00A2CA53 /* PBXContainerItemProxy */ = {
			isa = PBXContainerItemProxy;
			containerPortal = 053F42A41AFE92FE00A2CA53 /* Project object */;
			proxyType = 1;
			remoteGlobalIDString = 053F42AB1AFE92FE00A2CA53;
			remoteInfo = Invisible;
		};
/* End PBXContainerItemProxy section */

/* Begin PBXFileReference section */
		050BD2981B1F6751008BABC0 /* AddCollectionViewCell.swift */ = {isa = PBXFileReference; fileEncoding = 4; lastKnownFileType = sourcecode.swift; name = AddCollectionViewCell.swift; path = Views/AddCollectionViewCell.swift; sourceTree = "<group>"; };
		050BD29A1B1F6778008BABC0 /* AddCollectionViewCellContentView.swift */ = {isa = PBXFileReference; fileEncoding = 4; lastKnownFileType = sourcecode.swift; name = AddCollectionViewCellContentView.swift; path = Views/AddCollectionViewCellContentView.swift; sourceTree = "<group>"; };
		050BD29C1B1F67AC008BABC0 /* AddCollectionViewCellContentView.xib */ = {isa = PBXFileReference; fileEncoding = 4; lastKnownFileType = file.xib; name = AddCollectionViewCellContentView.xib; path = Views/AddCollectionViewCellContentView.xib; sourceTree = "<group>"; };
		050C98AD1B0BC577004A05CA /* LogInViewController.swift */ = {isa = PBXFileReference; fileEncoding = 4; lastKnownFileType = sourcecode.swift; name = LogInViewController.swift; path = ViewControllers/LogInViewController.swift; sourceTree = "<group>"; };
		050C98AE1B0BC577004A05CA /* MessageViewController.swift */ = {isa = PBXFileReference; fileEncoding = 4; lastKnownFileType = sourcecode.swift; name = MessageViewController.swift; path = ViewControllers/MessageViewController.swift; sourceTree = "<group>"; };
		05101C7F1B09774D0089E37C /* Helpers.swift */ = {isa = PBXFileReference; fileEncoding = 4; lastKnownFileType = sourcecode.swift; path = Helpers.swift; sourceTree = "<group>"; };
		051632F61B10E255008605CA /* User.swift */ = {isa = PBXFileReference; fileEncoding = 4; lastKnownFileType = sourcecode.swift; name = User.swift; path = Models/User.swift; sourceTree = "<group>"; };
		051632F81B11555B008605CA /* Contact.swift */ = {isa = PBXFileReference; fileEncoding = 4; lastKnownFileType = sourcecode.swift; name = Contact.swift; path = Models/Contact.swift; sourceTree = "<group>"; };
		051765551B29BCD400F632AA /* MessageCollectionViewCellContentView.swift */ = {isa = PBXFileReference; fileEncoding = 4; lastKnownFileType = sourcecode.swift; name = MessageCollectionViewCellContentView.swift; path = Views/MessageCollectionViewCellContentView.swift; sourceTree = "<group>"; };
		051765571B29BCEC00F632AA /* MessageCollectionViewCellContentView.xib */ = {isa = PBXFileReference; fileEncoding = 4; lastKnownFileType = file.xib; name = MessageCollectionViewCellContentView.xib; path = Views/MessageCollectionViewCellContentView.xib; sourceTree = "<group>"; };
		051765591B29C3DA00F632AA /* MessageCollectionViewCellContentViewTextView.swift */ = {isa = PBXFileReference; fileEncoding = 4; lastKnownFileType = sourcecode.swift; name = MessageCollectionViewCellContentViewTextView.swift; path = Views/MessageCollectionViewCellContentViewTextView.swift; sourceTree = "<group>"; };
		0517655C1B2A04EE00F632AA /* ColorConstants.swift */ = {isa = PBXFileReference; fileEncoding = 4; lastKnownFileType = sourcecode.swift; path = ColorConstants.swift; sourceTree = "<group>"; };
		0517655F1B2A35D500F632AA /* CRToast.h */ = {isa = PBXFileReference; fileEncoding = 4; lastKnownFileType = sourcecode.c.h; path = CRToast.h; sourceTree = "<group>"; };
		051765601B2A35D500F632AA /* CRToast.m */ = {isa = PBXFileReference; fileEncoding = 4; lastKnownFileType = sourcecode.c.objc; path = CRToast.m; sourceTree = "<group>"; };
		051765611B2A35D500F632AA /* CRToastLayoutHelpers.h */ = {isa = PBXFileReference; fileEncoding = 4; lastKnownFileType = sourcecode.c.h; path = CRToastLayoutHelpers.h; sourceTree = "<group>"; };
		051765621B2A35D500F632AA /* CRToastManager.h */ = {isa = PBXFileReference; fileEncoding = 4; lastKnownFileType = sourcecode.c.h; path = CRToastManager.h; sourceTree = "<group>"; };
		051765631B2A35D500F632AA /* CRToastManager.m */ = {isa = PBXFileReference; fileEncoding = 4; lastKnownFileType = sourcecode.c.objc; path = CRToastManager.m; sourceTree = "<group>"; };
		051765641B2A35D500F632AA /* CRToastView.h */ = {isa = PBXFileReference; fileEncoding = 4; lastKnownFileType = sourcecode.c.h; path = CRToastView.h; sourceTree = "<group>"; };
		051765651B2A35D500F632AA /* CRToastView.m */ = {isa = PBXFileReference; fileEncoding = 4; lastKnownFileType = sourcecode.c.objc; path = CRToastView.m; sourceTree = "<group>"; };
		051765661B2A35D500F632AA /* CRToastViewController.h */ = {isa = PBXFileReference; fileEncoding = 4; lastKnownFileType = sourcecode.c.h; path = CRToastViewController.h; sourceTree = "<group>"; };
		051765671B2A35D500F632AA /* CRToastViewController.m */ = {isa = PBXFileReference; fileEncoding = 4; lastKnownFileType = sourcecode.c.objc; path = CRToastViewController.m; sourceTree = "<group>"; };
		051765681B2A35D500F632AA /* CRToastWindow.h */ = {isa = PBXFileReference; fileEncoding = 4; lastKnownFileType = sourcecode.c.h; path = CRToastWindow.h; sourceTree = "<group>"; };
		051765691B2A35D500F632AA /* CRToastWindow.m */ = {isa = PBXFileReference; fileEncoding = 4; lastKnownFileType = sourcecode.c.objc; path = CRToastWindow.m; sourceTree = "<group>"; };
		051C1F781B1CB872003560E4 /* MessageToolbarContentView.swift */ = {isa = PBXFileReference; fileEncoding = 4; lastKnownFileType = sourcecode.swift; name = MessageToolbarContentView.swift; path = Views/MessageToolbarContentView.swift; sourceTree = "<group>"; };
		051C1F7A1B1CB899003560E4 /* MessageToolbarContentView.xib */ = {isa = PBXFileReference; fileEncoding = 4; lastKnownFileType = file.xib; name = MessageToolbarContentView.xib; path = Views/MessageToolbarContentView.xib; sourceTree = "<group>"; };
		0536BFA71B1A282400161877 /* Bolts.framework */ = {isa = PBXFileReference; lastKnownFileType = wrapper.framework; name = Bolts.framework; path = Invisible/Frameworks/Bolts.framework; sourceTree = "<group>"; };
		0536BFA81B1A282400161877 /* Parse.framework */ = {isa = PBXFileReference; lastKnownFileType = wrapper.framework; name = Parse.framework; path = Invisible/Frameworks/Parse.framework; sourceTree = "<group>"; };
		0536BFB11B1A38B700161877 /* MessageToolbar.swift */ = {isa = PBXFileReference; fileEncoding = 4; lastKnownFileType = sourcecode.swift; name = MessageToolbar.swift; path = Views/MessageToolbar.swift; sourceTree = "<group>"; };
		0536BFB61B1A77E700161877 /* MessageTextView.swift */ = {isa = PBXFileReference; fileEncoding = 4; lastKnownFileType = sourcecode.swift; name = MessageTextView.swift; path = Views/MessageTextView.swift; sourceTree = "<group>"; };
		053883C21B223A2E00690AB5 /* MessageCollectionViewCell.swift */ = {isa = PBXFileReference; fileEncoding = 4; lastKnownFileType = sourcecode.swift; name = MessageCollectionViewCell.swift; path = Views/MessageCollectionViewCell.swift; sourceTree = "<group>"; };
		053F42AC1AFE92FE00A2CA53 /* Invisible.app */ = {isa = PBXFileReference; explicitFileType = wrapper.application; includeInIndex = 0; path = Invisible.app; sourceTree = BUILT_PRODUCTS_DIR; };
		053F42B01AFE92FE00A2CA53 /* Info.plist */ = {isa = PBXFileReference; lastKnownFileType = text.plist.xml; path = Info.plist; sourceTree = "<group>"; };
		053F42B11AFE92FE00A2CA53 /* AppDelegate.swift */ = {isa = PBXFileReference; lastKnownFileType = sourcecode.swift; path = AppDelegate.swift; sourceTree = "<group>"; };
		053F42B61AFE92FE00A2CA53 /* Base */ = {isa = PBXFileReference; lastKnownFileType = file.storyboard; name = Base; path = Base.lproj/Main.storyboard; sourceTree = "<group>"; };
		053F42B81AFE92FE00A2CA53 /* Images.xcassets */ = {isa = PBXFileReference; lastKnownFileType = folder.assetcatalog; path = Images.xcassets; sourceTree = "<group>"; };
		053F42BB1AFE92FE00A2CA53 /* Base */ = {isa = PBXFileReference; lastKnownFileType = file.xib; name = Base; path = Base.lproj/LaunchScreen.xib; sourceTree = "<group>"; };
		053F42C11AFE92FE00A2CA53 /* InvisibleTests.xctest */ = {isa = PBXFileReference; explicitFileType = wrapper.cfbundle; includeInIndex = 0; path = InvisibleTests.xctest; sourceTree = BUILT_PRODUCTS_DIR; };
		053F42C61AFE92FE00A2CA53 /* Info.plist */ = {isa = PBXFileReference; lastKnownFileType = text.plist.xml; path = Info.plist; sourceTree = "<group>"; };
		053F42C71AFE92FE00A2CA53 /* InvisibleTests.swift */ = {isa = PBXFileReference; lastKnownFileType = sourcecode.swift; path = InvisibleTests.swift; sourceTree = "<group>"; };
		053F42D51AFE940F00A2CA53 /* AudioToolbox.framework */ = {isa = PBXFileReference; lastKnownFileType = wrapper.framework; name = AudioToolbox.framework; path = System/Library/Frameworks/AudioToolbox.framework; sourceTree = SDKROOT; };
		053F42D71AFE941800A2CA53 /* CFNetwork.framework */ = {isa = PBXFileReference; lastKnownFileType = wrapper.framework; name = CFNetwork.framework; path = System/Library/Frameworks/CFNetwork.framework; sourceTree = SDKROOT; };
		053F42D91AFE942200A2CA53 /* CoreGraphics.framework */ = {isa = PBXFileReference; lastKnownFileType = wrapper.framework; name = CoreGraphics.framework; path = System/Library/Frameworks/CoreGraphics.framework; sourceTree = SDKROOT; };
		053F42DB1AFE942D00A2CA53 /* CoreLocation.framework */ = {isa = PBXFileReference; lastKnownFileType = wrapper.framework; name = CoreLocation.framework; path = System/Library/Frameworks/CoreLocation.framework; sourceTree = SDKROOT; };
		053F42DD1AFE943900A2CA53 /* MobileCoreServices.framework */ = {isa = PBXFileReference; lastKnownFileType = wrapper.framework; name = MobileCoreServices.framework; path = System/Library/Frameworks/MobileCoreServices.framework; sourceTree = SDKROOT; };
		053F42DF1AFE944500A2CA53 /* QuartzCore.framework */ = {isa = PBXFileReference; lastKnownFileType = wrapper.framework; name = QuartzCore.framework; path = System/Library/Frameworks/QuartzCore.framework; sourceTree = SDKROOT; };
		053F42E11AFE946400A2CA53 /* Security.framework */ = {isa = PBXFileReference; lastKnownFileType = wrapper.framework; name = Security.framework; path = System/Library/Frameworks/Security.framework; sourceTree = SDKROOT; };
		053F42E31AFE947100A2CA53 /* StoreKit.framework */ = {isa = PBXFileReference; lastKnownFileType = wrapper.framework; name = StoreKit.framework; path = System/Library/Frameworks/StoreKit.framework; sourceTree = SDKROOT; };
		053F42E51AFE947E00A2CA53 /* SystemConfiguration.framework */ = {isa = PBXFileReference; lastKnownFileType = wrapper.framework; name = SystemConfiguration.framework; path = System/Library/Frameworks/SystemConfiguration.framework; sourceTree = SDKROOT; };
		053F42E71AFE949000A2CA53 /* libz.dylib */ = {isa = PBXFileReference; lastKnownFileType = "compiled.mach-o.dylib"; name = libz.dylib; path = usr/lib/libz.dylib; sourceTree = SDKROOT; };
		053F42E91AFE949C00A2CA53 /* libsqlite3.dylib */ = {isa = PBXFileReference; lastKnownFileType = "compiled.mach-o.dylib"; name = libsqlite3.dylib; path = usr/lib/libsqlite3.dylib; sourceTree = SDKROOT; };
		053F42EC1AFEA41C00A2CA53 /* Constants.swift */ = {isa = PBXFileReference; fileEncoding = 4; lastKnownFileType = sourcecode.swift; path = Constants.swift; sourceTree = "<group>"; };
		05E377241B232F22007A0B83 /* Bridging-Header.h */ = {isa = PBXFileReference; lastKnownFileType = sourcecode.c.h; path = "Bridging-Header.h"; sourceTree = "<group>"; };
		05E377261B23317D007A0B83 /* KRLCollectionViewGridLayout.h */ = {isa = PBXFileReference; fileEncoding = 4; lastKnownFileType = sourcecode.c.h; path = KRLCollectionViewGridLayout.h; sourceTree = "<group>"; };
		05E377271B23317D007A0B83 /* KRLCollectionViewGridLayout.m */ = {isa = PBXFileReference; fileEncoding = 4; lastKnownFileType = sourcecode.c.objc; path = KRLCollectionViewGridLayout.m; sourceTree = "<group>"; };
		05E377291B2362C3007A0B83 /* ringring.wav */ = {isa = PBXFileReference; lastKnownFileType = audio.wav; name = ringring.wav; path = Sounds/ringring.wav; sourceTree = "<group>"; };
		05F322DE1B1DF9A000BED665 /* ContactCollectionView.swift */ = {isa = PBXFileReference; fileEncoding = 4; lastKnownFileType = sourcecode.swift; name = ContactCollectionView.swift; path = Views/ContactCollectionView.swift; sourceTree = "<group>"; };
		05F322E01B1DFDD500BED665 /* ContactCollectionViewCell.swift */ = {isa = PBXFileReference; fileEncoding = 4; lastKnownFileType = sourcecode.swift; name = ContactCollectionViewCell.swift; path = Views/ContactCollectionViewCell.swift; sourceTree = "<group>"; };
		05F322F01B1E442800BED665 /* ContactCollectionViewCellContentView.swift */ = {isa = PBXFileReference; fileEncoding = 4; lastKnownFileType = sourcecode.swift; name = ContactCollectionViewCellContentView.swift; path = Views/ContactCollectionViewCellContentView.swift; sourceTree = "<group>"; };
		05F322F11B1E442800BED665 /* ContactCollectionViewCellContentView.xib */ = {isa = PBXFileReference; fileEncoding = 4; lastKnownFileType = file.xib; name = ContactCollectionViewCellContentView.xib; path = Views/ContactCollectionViewCellContentView.xib; sourceTree = "<group>"; };
/* End PBXFileReference section */

/* Begin PBXFrameworksBuildPhase section */
		053F42A91AFE92FE00A2CA53 /* Frameworks */ = {
			isa = PBXFrameworksBuildPhase;
			buildActionMask = 2147483647;
			files = (
				053F42EA1AFE949C00A2CA53 /* libsqlite3.dylib in Frameworks */,
				053F42E81AFE949000A2CA53 /* libz.dylib in Frameworks */,
				053F42E61AFE947E00A2CA53 /* SystemConfiguration.framework in Frameworks */,
				053F42E41AFE947100A2CA53 /* StoreKit.framework in Frameworks */,
				0536BFAA1B1A282400161877 /* Parse.framework in Frameworks */,
				053F42E21AFE946400A2CA53 /* Security.framework in Frameworks */,
				053F42E01AFE944500A2CA53 /* QuartzCore.framework in Frameworks */,
				053F42DE1AFE943900A2CA53 /* MobileCoreServices.framework in Frameworks */,
				053F42DC1AFE942D00A2CA53 /* CoreLocation.framework in Frameworks */,
				053F42DA1AFE942200A2CA53 /* CoreGraphics.framework in Frameworks */,
				053F42D81AFE941800A2CA53 /* CFNetwork.framework in Frameworks */,
				053F42D61AFE940F00A2CA53 /* AudioToolbox.framework in Frameworks */,
				0536BFA91B1A282400161877 /* Bolts.framework in Frameworks */,
			);
			runOnlyForDeploymentPostprocessing = 0;
		};
		053F42BE1AFE92FE00A2CA53 /* Frameworks */ = {
			isa = PBXFrameworksBuildPhase;
			buildActionMask = 2147483647;
			files = (
			);
			runOnlyForDeploymentPostprocessing = 0;
		};
/* End PBXFrameworksBuildPhase section */

/* Begin PBXGroup section */
		050BD29E1B1F6980008BABC0 /* AddCollectionViewCell */ = {
			isa = PBXGroup;
			children = (
				050BD2981B1F6751008BABC0 /* AddCollectionViewCell.swift */,
				050BD29A1B1F6778008BABC0 /* AddCollectionViewCellContentView.swift */,
				050BD29C1B1F67AC008BABC0 /* AddCollectionViewCellContentView.xib */,
			);
			name = AddCollectionViewCell;
			sourceTree = "<group>";
		};
		050BD29F1B1F6997008BABC0 /* ContactCollectionViewCell */ = {
			isa = PBXGroup;
			children = (
				05F322E01B1DFDD500BED665 /* ContactCollectionViewCell.swift */,
				05F322F01B1E442800BED665 /* ContactCollectionViewCellContentView.swift */,
				05F322F11B1E442800BED665 /* ContactCollectionViewCellContentView.xib */,
			);
			name = ContactCollectionViewCell;
			sourceTree = "<group>";
		};
		050C98B51B0BC5DD004A05CA /* Models */ = {
			isa = PBXGroup;
			children = (
				051632F61B10E255008605CA /* User.swift */,
				051632F81B11555B008605CA /* Contact.swift */,
			);
			name = Models;
			sourceTree = "<group>";
		};
		0517655B1B29D94C00F632AA /* MessageToolbar */ = {
			isa = PBXGroup;
			children = (
				0536BFB11B1A38B700161877 /* MessageToolbar.swift */,
				051C1F781B1CB872003560E4 /* MessageToolbarContentView.swift */,
				051C1F7A1B1CB899003560E4 /* MessageToolbarContentView.xib */,
				0536BFB61B1A77E700161877 /* MessageTextView.swift */,
			);
			name = MessageToolbar;
			sourceTree = "<group>";
		};
		0517655E1B2A35D500F632AA /* CRToast */ = {
			isa = PBXGroup;
			children = (
				0517655F1B2A35D500F632AA /* CRToast.h */,
				051765601B2A35D500F632AA /* CRToast.m */,
				051765611B2A35D500F632AA /* CRToastLayoutHelpers.h */,
				051765621B2A35D500F632AA /* CRToastManager.h */,
				051765631B2A35D500F632AA /* CRToastManager.m */,
				051765641B2A35D500F632AA /* CRToastView.h */,
				051765651B2A35D500F632AA /* CRToastView.m */,
				051765661B2A35D500F632AA /* CRToastViewController.h */,
				051765671B2A35D500F632AA /* CRToastViewController.m */,
				051765681B2A35D500F632AA /* CRToastWindow.h */,
				051765691B2A35D500F632AA /* CRToastWindow.m */,
			);
			path = CRToast;
			sourceTree = "<group>";
		};
		053883BF1B22385C00690AB5 /* Sounds */ = {
			isa = PBXGroup;
			children = (
				05E377291B2362C3007A0B83 /* ringring.wav */,
			);
			name = Sounds;
			sourceTree = "<group>";
		};
		053883C81B223AA400690AB5 /* MessageCollectionViewCell */ = {
			isa = PBXGroup;
			children = (
				053883C21B223A2E00690AB5 /* MessageCollectionViewCell.swift */,
				051765551B29BCD400F632AA /* MessageCollectionViewCellContentView.swift */,
				051765571B29BCEC00F632AA /* MessageCollectionViewCellContentView.xib */,
				051765591B29C3DA00F632AA /* MessageCollectionViewCellContentViewTextView.swift */,
			);
			name = MessageCollectionViewCell;
			sourceTree = "<group>";
		};
		053F42A31AFE92FE00A2CA53 = {
			isa = PBXGroup;
			children = (
				053F42AE1AFE92FE00A2CA53 /* Invisible */,
				053F42C41AFE92FE00A2CA53 /* InvisibleTests */,
				053F42AD1AFE92FE00A2CA53 /* Products */,
			);
			sourceTree = "<group>";
		};
		053F42AD1AFE92FE00A2CA53 /* Products */ = {
			isa = PBXGroup;
			children = (
				053F42AC1AFE92FE00A2CA53 /* Invisible.app */,
				053F42C11AFE92FE00A2CA53 /* InvisibleTests.xctest */,
			);
			name = Products;
			sourceTree = "<group>";
		};
		053F42AE1AFE92FE00A2CA53 /* Invisible */ = {
			isa = PBXGroup;
			children = (
				053F42B11AFE92FE00A2CA53 /* AppDelegate.swift */,
				05EF02771B026A5A0050455C /* ViewControllers */,
				050C98B51B0BC5DD004A05CA /* Models */,
				057457CA1B0F81CC00B2D22E /* Views */,
				053F42B51AFE92FE00A2CA53 /* Main.storyboard */,
				053F42AF1AFE92FE00A2CA53 /* Supporting Files */,
			);
			path = Invisible;
			sourceTree = "<group>";
		};
		053F42AF1AFE92FE00A2CA53 /* Supporting Files */ = {
			isa = PBXGroup;
			children = (
				053F42EC1AFEA41C00A2CA53 /* Constants.swift */,
				0517655C1B2A04EE00F632AA /* ColorConstants.swift */,
				05101C7F1B09774D0089E37C /* Helpers.swift */,
				05E377241B232F22007A0B83 /* Bridging-Header.h */,
				053F42B81AFE92FE00A2CA53 /* Images.xcassets */,
				053F42BA1AFE92FE00A2CA53 /* LaunchScreen.xib */,
				053883BF1B22385C00690AB5 /* Sounds */,
				0517655E1B2A35D500F632AA /* CRToast */,
				05E377251B23317D007A0B83 /* KRLCollectionViewGridLayout */,
				053F42EB1AFE94B000A2CA53 /* Frameworks */,
				053F42B01AFE92FE00A2CA53 /* Info.plist */,
			);
			name = "Supporting Files";
			sourceTree = "<group>";
		};
		053F42C41AFE92FE00A2CA53 /* InvisibleTests */ = {
			isa = PBXGroup;
			children = (
				053F42C71AFE92FE00A2CA53 /* InvisibleTests.swift */,
				053F42C51AFE92FE00A2CA53 /* Supporting Files */,
			);
			path = InvisibleTests;
			sourceTree = "<group>";
		};
		053F42C51AFE92FE00A2CA53 /* Supporting Files */ = {
			isa = PBXGroup;
			children = (
				053F42C61AFE92FE00A2CA53 /* Info.plist */,
			);
			name = "Supporting Files";
			sourceTree = "<group>";
		};
		053F42EB1AFE94B000A2CA53 /* Frameworks */ = {
			isa = PBXGroup;
			children = (
				053F42E91AFE949C00A2CA53 /* libsqlite3.dylib */,
				053F42E71AFE949000A2CA53 /* libz.dylib */,
				0536BFA71B1A282400161877 /* Bolts.framework */,
				0536BFA81B1A282400161877 /* Parse.framework */,
				053F42E51AFE947E00A2CA53 /* SystemConfiguration.framework */,
				053F42E31AFE947100A2CA53 /* StoreKit.framework */,
				053F42E11AFE946400A2CA53 /* Security.framework */,
				053F42DF1AFE944500A2CA53 /* QuartzCore.framework */,
				053F42DD1AFE943900A2CA53 /* MobileCoreServices.framework */,
				053F42DB1AFE942D00A2CA53 /* CoreLocation.framework */,
				053F42D91AFE942200A2CA53 /* CoreGraphics.framework */,
				053F42D71AFE941800A2CA53 /* CFNetwork.framework */,
				053F42D51AFE940F00A2CA53 /* AudioToolbox.framework */,
			);
			name = Frameworks;
			path = ..;
			sourceTree = "<group>";
		};
		057457CA1B0F81CC00B2D22E /* Views */ = {
			isa = PBXGroup;
			children = (
				05F322DE1B1DF9A000BED665 /* ContactCollectionView.swift */,
				050BD29E1B1F6980008BABC0 /* AddCollectionViewCell */,
				050BD29F1B1F6997008BABC0 /* ContactCollectionViewCell */,
				053883C81B223AA400690AB5 /* MessageCollectionViewCell */,
				0517655B1B29D94C00F632AA /* MessageToolbar */,
			);
			name = Views;
			sourceTree = "<group>";
		};
		05E377251B23317D007A0B83 /* KRLCollectionViewGridLayout */ = {
			isa = PBXGroup;
			children = (
				05E377261B23317D007A0B83 /* KRLCollectionViewGridLayout.h */,
				05E377271B23317D007A0B83 /* KRLCollectionViewGridLayout.m */,
			);
			path = KRLCollectionViewGridLayout;
			sourceTree = "<group>";
		};
		05EF02771B026A5A0050455C /* ViewControllers */ = {
			isa = PBXGroup;
			children = (
				050C98AD1B0BC577004A05CA /* LogInViewController.swift */,
				050C98AE1B0BC577004A05CA /* MessageViewController.swift */,
			);
			name = ViewControllers;
			sourceTree = "<group>";
		};
/* End PBXGroup section */

/* Begin PBXNativeTarget section */
		053F42AB1AFE92FE00A2CA53 /* Invisible */ = {
			isa = PBXNativeTarget;
			buildConfigurationList = 053F42CB1AFE92FE00A2CA53 /* Build configuration list for PBXNativeTarget "Invisible" */;
			buildPhases = (
				053F42A81AFE92FE00A2CA53 /* Sources */,
				053F42A91AFE92FE00A2CA53 /* Frameworks */,
				053F42AA1AFE92FE00A2CA53 /* Resources */,
			);
			buildRules = (
			);
			dependencies = (
			);
			name = Invisible;
			productName = Invisible;
			productReference = 053F42AC1AFE92FE00A2CA53 /* Invisible.app */;
			productType = "com.apple.product-type.application";
		};
		053F42C01AFE92FE00A2CA53 /* InvisibleTests */ = {
			isa = PBXNativeTarget;
			buildConfigurationList = 053F42CE1AFE92FE00A2CA53 /* Build configuration list for PBXNativeTarget "InvisibleTests" */;
			buildPhases = (
				053F42BD1AFE92FE00A2CA53 /* Sources */,
				053F42BE1AFE92FE00A2CA53 /* Frameworks */,
				053F42BF1AFE92FE00A2CA53 /* Resources */,
			);
			buildRules = (
			);
			dependencies = (
				053F42C31AFE92FE00A2CA53 /* PBXTargetDependency */,
			);
			name = InvisibleTests;
			productName = InvisibleTests;
			productReference = 053F42C11AFE92FE00A2CA53 /* InvisibleTests.xctest */;
			productType = "com.apple.product-type.bundle.unit-test";
		};
/* End PBXNativeTarget section */

/* Begin PBXProject section */
		053F42A41AFE92FE00A2CA53 /* Project object */ = {
			isa = PBXProject;
			attributes = {
				LastUpgradeCheck = 0630;
				ORGANIZATIONNAME = thomas;
				TargetAttributes = {
					053F42AB1AFE92FE00A2CA53 = {
						CreatedOnToolsVersion = 6.3.1;
						DevelopmentTeam = LCFAPK739L;
						SystemCapabilities = {
							com.apple.BackgroundModes = {
								enabled = 1;
							};
						};
					};
					053F42C01AFE92FE00A2CA53 = {
						CreatedOnToolsVersion = 6.3.1;
						DevelopmentTeam = LCFAPK739L;
						TestTargetID = 053F42AB1AFE92FE00A2CA53;
					};
				};
			};
			buildConfigurationList = 053F42A71AFE92FE00A2CA53 /* Build configuration list for PBXProject "Invisible" */;
			compatibilityVersion = "Xcode 3.2";
			developmentRegion = English;
			hasScannedForEncodings = 0;
			knownRegions = (
				en,
				Base,
			);
			mainGroup = 053F42A31AFE92FE00A2CA53;
			productRefGroup = 053F42AD1AFE92FE00A2CA53 /* Products */;
			projectDirPath = "";
			projectRoot = "";
			targets = (
				053F42AB1AFE92FE00A2CA53 /* Invisible */,
				053F42C01AFE92FE00A2CA53 /* InvisibleTests */,
			);
		};
/* End PBXProject section */

/* Begin PBXResourcesBuildPhase section */
		053F42AA1AFE92FE00A2CA53 /* Resources */ = {
			isa = PBXResourcesBuildPhase;
			buildActionMask = 2147483647;
			files = (
				05E3772A1B2362C3007A0B83 /* ringring.wav in Resources */,
				051C1F7B1B1CB899003560E4 /* MessageToolbarContentView.xib in Resources */,
				053F42B71AFE92FE00A2CA53 /* Main.storyboard in Resources */,
				051765581B29BCEC00F632AA /* MessageCollectionViewCellContentView.xib in Resources */,
				053F42BC1AFE92FE00A2CA53 /* LaunchScreen.xib in Resources */,
				050BD29D1B1F67AC008BABC0 /* AddCollectionViewCellContentView.xib in Resources */,
				05F322F31B1E442800BED665 /* ContactCollectionViewCellContentView.xib in Resources */,
				053F42B91AFE92FE00A2CA53 /* Images.xcassets in Resources */,
			);
			runOnlyForDeploymentPostprocessing = 0;
		};
		053F42BF1AFE92FE00A2CA53 /* Resources */ = {
			isa = PBXResourcesBuildPhase;
			buildActionMask = 2147483647;
			files = (
			);
			runOnlyForDeploymentPostprocessing = 0;
		};
/* End PBXResourcesBuildPhase section */

/* Begin PBXSourcesBuildPhase section */
		053F42A81AFE92FE00A2CA53 /* Sources */ = {
			isa = PBXSourcesBuildPhase;
			buildActionMask = 2147483647;
			files = (
				050BD2991B1F6751008BABC0 /* AddCollectionViewCell.swift in Sources */,
				0517656D1B2A35D500F632AA /* CRToastViewController.m in Sources */,
				0517656C1B2A35D500F632AA /* CRToastView.m in Sources */,
				051765561B29BCD400F632AA /* MessageCollectionViewCellContentView.swift in Sources */,
				05F322DF1B1DF9A000BED665 /* ContactCollectionView.swift in Sources */,
				0517655D1B2A04EE00F632AA /* ColorConstants.swift in Sources */,
				05F322F21B1E442800BED665 /* ContactCollectionViewCellContentView.swift in Sources */,
				0536BFB21B1A38B700161877 /* MessageToolbar.swift in Sources */,
				050BD29B1B1F6778008BABC0 /* AddCollectionViewCellContentView.swift in Sources */,
				053F42B21AFE92FE00A2CA53 /* AppDelegate.swift in Sources */,
				053883C31B223A2E00690AB5 /* MessageCollectionViewCell.swift in Sources */,
				05101C801B09774D0089E37C /* Helpers.swift in Sources */,
				0536BFB71B1A77E700161877 /* MessageTextView.swift in Sources */,
				05F322E11B1DFDD500BED665 /* ContactCollectionViewCell.swift in Sources */,
				050C98B11B0BC577004A05CA /* LogInViewController.swift in Sources */,
				05E377281B23317D007A0B83 /* KRLCollectionViewGridLayout.m in Sources */,
				050C98B21B0BC577004A05CA /* MessageViewController.swift in Sources */,
				0517656E1B2A35D500F632AA /* CRToastWindow.m in Sources */,
				051632F91B11555B008605CA /* Contact.swift in Sources */,
				0517655A1B29C3DA00F632AA /* MessageCollectionViewCellContentViewTextView.swift in Sources */,
				0517656A1B2A35D500F632AA /* CRToast.m in Sources */,
				0517656B1B2A35D500F632AA /* CRToastManager.m in Sources */,
				051C1F791B1CB872003560E4 /* MessageToolbarContentView.swift in Sources */,
				053F42ED1AFEA41C00A2CA53 /* Constants.swift in Sources */,
				051632F71B10E255008605CA /* User.swift in Sources */,
			);
			runOnlyForDeploymentPostprocessing = 0;
		};
		053F42BD1AFE92FE00A2CA53 /* Sources */ = {
			isa = PBXSourcesBuildPhase;
			buildActionMask = 2147483647;
			files = (
				053F42C81AFE92FE00A2CA53 /* InvisibleTests.swift in Sources */,
			);
			runOnlyForDeploymentPostprocessing = 0;
		};
/* End PBXSourcesBuildPhase section */

/* Begin PBXTargetDependency section */
		053F42C31AFE92FE00A2CA53 /* PBXTargetDependency */ = {
			isa = PBXTargetDependency;
			target = 053F42AB1AFE92FE00A2CA53 /* Invisible */;
			targetProxy = 053F42C21AFE92FE00A2CA53 /* PBXContainerItemProxy */;
		};
/* End PBXTargetDependency section */

/* Begin PBXVariantGroup section */
		053F42B51AFE92FE00A2CA53 /* Main.storyboard */ = {
			isa = PBXVariantGroup;
			children = (
				053F42B61AFE92FE00A2CA53 /* Base */,
			);
			name = Main.storyboard;
			sourceTree = "<group>";
		};
		053F42BA1AFE92FE00A2CA53 /* LaunchScreen.xib */ = {
			isa = PBXVariantGroup;
			children = (
				053F42BB1AFE92FE00A2CA53 /* Base */,
			);
			name = LaunchScreen.xib;
			sourceTree = "<group>";
		};
/* End PBXVariantGroup section */

/* Begin XCBuildConfiguration section */
		053F42C91AFE92FE00A2CA53 /* Debug */ = {
			isa = XCBuildConfiguration;
			buildSettings = {
				ALWAYS_SEARCH_USER_PATHS = NO;
				CLANG_CXX_LANGUAGE_STANDARD = "gnu++0x";
				CLANG_CXX_LIBRARY = "libc++";
				CLANG_ENABLE_MODULES = YES;
				CLANG_ENABLE_OBJC_ARC = YES;
				CLANG_WARN_BOOL_CONVERSION = YES;
				CLANG_WARN_CONSTANT_CONVERSION = YES;
				CLANG_WARN_DIRECT_OBJC_ISA_USAGE = YES_ERROR;
				CLANG_WARN_EMPTY_BODY = YES;
				CLANG_WARN_ENUM_CONVERSION = YES;
				CLANG_WARN_INT_CONVERSION = YES;
				CLANG_WARN_OBJC_ROOT_CLASS = YES_ERROR;
				CLANG_WARN_UNREACHABLE_CODE = YES;
				CLANG_WARN__DUPLICATE_METHOD_MATCH = YES;
				CODE_SIGN_IDENTITY = "iPhone Developer: Tom Meagher (NUJ4S2D765)";
				"CODE_SIGN_IDENTITY[sdk=iphoneos*]" = "iPhone Developer: Tom Meagher (NUJ4S2D765)";
				COPY_PHASE_STRIP = NO;
				DEBUG_INFORMATION_FORMAT = "dwarf-with-dsym";
				ENABLE_STRICT_OBJC_MSGSEND = YES;
				GCC_C_LANGUAGE_STANDARD = gnu99;
				GCC_DYNAMIC_NO_PIC = NO;
				GCC_NO_COMMON_BLOCKS = YES;
				GCC_OPTIMIZATION_LEVEL = 0;
				GCC_PREPROCESSOR_DEFINITIONS = (
					"DEBUG=1",
					"$(inherited)",
				);
				GCC_SYMBOLS_PRIVATE_EXTERN = NO;
				GCC_WARN_64_TO_32_BIT_CONVERSION = YES;
				GCC_WARN_ABOUT_RETURN_TYPE = YES_ERROR;
				GCC_WARN_UNDECLARED_SELECTOR = YES;
				GCC_WARN_UNINITIALIZED_AUTOS = YES_AGGRESSIVE;
				GCC_WARN_UNUSED_FUNCTION = YES;
				GCC_WARN_UNUSED_VARIABLE = YES;
				IPHONEOS_DEPLOYMENT_TARGET = 8.3;
				MTL_ENABLE_DEBUG_INFO = YES;
				ONLY_ACTIVE_ARCH = YES;
				SDKROOT = iphoneos;
				SWIFT_OPTIMIZATION_LEVEL = "-Onone";
			};
			name = Debug;
		};
		053F42CA1AFE92FE00A2CA53 /* Release */ = {
			isa = XCBuildConfiguration;
			buildSettings = {
				ALWAYS_SEARCH_USER_PATHS = NO;
				CLANG_CXX_LANGUAGE_STANDARD = "gnu++0x";
				CLANG_CXX_LIBRARY = "libc++";
				CLANG_ENABLE_MODULES = YES;
				CLANG_ENABLE_OBJC_ARC = YES;
				CLANG_WARN_BOOL_CONVERSION = YES;
				CLANG_WARN_CONSTANT_CONVERSION = YES;
				CLANG_WARN_DIRECT_OBJC_ISA_USAGE = YES_ERROR;
				CLANG_WARN_EMPTY_BODY = YES;
				CLANG_WARN_ENUM_CONVERSION = YES;
				CLANG_WARN_INT_CONVERSION = YES;
				CLANG_WARN_OBJC_ROOT_CLASS = YES_ERROR;
				CLANG_WARN_UNREACHABLE_CODE = YES;
				CLANG_WARN__DUPLICATE_METHOD_MATCH = YES;
				CODE_SIGN_IDENTITY = "iPhone Developer: Tom Meagher (NUJ4S2D765)";
				"CODE_SIGN_IDENTITY[sdk=iphoneos*]" = "iPhone Developer: Tom Meagher (NUJ4S2D765)";
				COPY_PHASE_STRIP = NO;
				DEBUG_INFORMATION_FORMAT = "dwarf-with-dsym";
				ENABLE_NS_ASSERTIONS = NO;
				ENABLE_STRICT_OBJC_MSGSEND = YES;
				GCC_C_LANGUAGE_STANDARD = gnu99;
				GCC_NO_COMMON_BLOCKS = YES;
				GCC_WARN_64_TO_32_BIT_CONVERSION = YES;
				GCC_WARN_ABOUT_RETURN_TYPE = YES_ERROR;
				GCC_WARN_UNDECLARED_SELECTOR = YES;
				GCC_WARN_UNINITIALIZED_AUTOS = YES_AGGRESSIVE;
				GCC_WARN_UNUSED_FUNCTION = YES;
				GCC_WARN_UNUSED_VARIABLE = YES;
				IPHONEOS_DEPLOYMENT_TARGET = 8.3;
				MTL_ENABLE_DEBUG_INFO = NO;
				SDKROOT = iphoneos;
				VALIDATE_PRODUCT = YES;
			};
			name = Release;
		};
		053F42CC1AFE92FE00A2CA53 /* Debug */ = {
			isa = XCBuildConfiguration;
			buildSettings = {
				ASSETCATALOG_COMPILER_APPICON_NAME = AppIcon;
				CODE_SIGN_IDENTITY = "iPhone Developer";
				"CODE_SIGN_IDENTITY[sdk=iphoneos*]" = "iPhone Developer";
				FRAMEWORK_SEARCH_PATHS = (
					"$(inherited)",
					"$(PROJECT_DIR)/Invisible",
					"$(PROJECT_DIR)/Invisible/Frameworks",
				);
				INFOPLIST_FILE = Invisible/Info.plist;
				IPHONEOS_DEPLOYMENT_TARGET = 8.0;
				LD_RUNPATH_SEARCH_PATHS = "$(inherited) @executable_path/Frameworks";
				PRODUCT_NAME = "$(TARGET_NAME)";
				PROVISIONING_PROFILE = "";
				SWIFT_OBJC_BRIDGING_HEADER = "Invisible/Bridging-Header.h";
			};
			name = Debug;
		};
		053F42CD1AFE92FE00A2CA53 /* Release */ = {
			isa = XCBuildConfiguration;
			buildSettings = {
				ASSETCATALOG_COMPILER_APPICON_NAME = AppIcon;
				CODE_SIGN_IDENTITY = "iPhone Developer";
				"CODE_SIGN_IDENTITY[sdk=iphoneos*]" = "iPhone Developer";
				FRAMEWORK_SEARCH_PATHS = (
					"$(inherited)",
					"$(PROJECT_DIR)/Invisible",
					"$(PROJECT_DIR)/Invisible/Frameworks",
				);
				INFOPLIST_FILE = Invisible/Info.plist;
				IPHONEOS_DEPLOYMENT_TARGET = 8.0;
				LD_RUNPATH_SEARCH_PATHS = "$(inherited) @executable_path/Frameworks";
				PRODUCT_NAME = "$(TARGET_NAME)";
				PROVISIONING_PROFILE = "";
				SWIFT_OBJC_BRIDGING_HEADER = "Invisible/Bridging-Header.h";
			};
			name = Release;
		};
		053F42CF1AFE92FE00A2CA53 /* Debug */ = {
			isa = XCBuildConfiguration;
			buildSettings = {
				BUNDLE_LOADER = "$(TEST_HOST)";
				CODE_SIGN_IDENTITY = "iPhone Developer";
				"CODE_SIGN_IDENTITY[sdk=iphoneos*]" = "iPhone Developer";
				FRAMEWORK_SEARCH_PATHS = (
					"$(SDKROOT)/Developer/Library/Frameworks",
					"$(inherited)",
				);
				GCC_PREPROCESSOR_DEFINITIONS = (
					"DEBUG=1",
					"$(inherited)",
				);
				INFOPLIST_FILE = InvisibleTests/Info.plist;
				LD_RUNPATH_SEARCH_PATHS = "$(inherited) @executable_path/Frameworks @loader_path/Frameworks";
				PRODUCT_NAME = "$(TARGET_NAME)";
				PROVISIONING_PROFILE = "";
				TEST_HOST = "$(BUILT_PRODUCTS_DIR)/Invisible.app/Invisible";
			};
			name = Debug;
		};
		053F42D01AFE92FE00A2CA53 /* Release */ = {
			isa = XCBuildConfiguration;
			buildSettings = {
				BUNDLE_LOADER = "$(TEST_HOST)";
				CODE_SIGN_IDENTITY = "iPhone Developer";
				"CODE_SIGN_IDENTITY[sdk=iphoneos*]" = "iPhone Developer";
				FRAMEWORK_SEARCH_PATHS = (
					"$(SDKROOT)/Developer/Library/Frameworks",
					"$(inherited)",
				);
				INFOPLIST_FILE = InvisibleTests/Info.plist;
				LD_RUNPATH_SEARCH_PATHS = "$(inherited) @executable_path/Frameworks @loader_path/Frameworks";
				PRODUCT_NAME = "$(TARGET_NAME)";
				PROVISIONING_PROFILE = "";
				TEST_HOST = "$(BUILT_PRODUCTS_DIR)/Invisible.app/Invisible";
			};
			name = Release;
		};
/* End XCBuildConfiguration section */

/* Begin XCConfigurationList section */
		053F42A71AFE92FE00A2CA53 /* Build configuration list for PBXProject "Invisible" */ = {
			isa = XCConfigurationList;
			buildConfigurations = (
				053F42C91AFE92FE00A2CA53 /* Debug */,
				053F42CA1AFE92FE00A2CA53 /* Release */,
			);
			defaultConfigurationIsVisible = 0;
			defaultConfigurationName = Release;
		};
		053F42CB1AFE92FE00A2CA53 /* Build configuration list for PBXNativeTarget "Invisible" */ = {
			isa = XCConfigurationList;
			buildConfigurations = (
				053F42CC1AFE92FE00A2CA53 /* Debug */,
				053F42CD1AFE92FE00A2CA53 /* Release */,
			);
			defaultConfigurationIsVisible = 0;
			defaultConfigurationName = Release;
		};
		053F42CE1AFE92FE00A2CA53 /* Build configuration list for PBXNativeTarget "InvisibleTests" */ = {
			isa = XCConfigurationList;
			buildConfigurations = (
				053F42CF1AFE92FE00A2CA53 /* Debug */,
				053F42D01AFE92FE00A2CA53 /* Release */,
			);
			defaultConfigurationIsVisible = 0;
			defaultConfigurationName = Release;
		};
/* End XCConfigurationList section */
	};
	rootObject = 053F42A41AFE92FE00A2CA53 /* Project object */;
}
